
Microsoft Visual Studio Solution File, Format Version 12.00
# Visual Studio 15
VisualStudioVersion = 15.0.26124.0
MinimumVisualStudioVersion = 15.0.26124.0
Project("{FAE04EC0-301F-11D3-BF4B-00C04F79EFBC}") = "Learning.FootballPrediction.DataFetch", "Learning.FootballPrediction.DataFetch\Learning.FootballPrediction.DataFetch.csproj", "{293D0EA4-AE32-4D73-A03E-C0CD793F7093}"
EndProject
Global
	GlobalSection(SolutionConfigurationPlatforms) = preSolution
		Debug|Any CPU = Debug|Any CPU
		Debug|x64 = Debug|x64
		Debug|x86 = Debug|x86
		Release|Any CPU = Release|Any CPU
		Release|x64 = Release|x64
		Release|x86 = Release|x86
	EndGlobalSection
	GlobalSection(SolutionProperties) = preSolution
		HideSolutionNode = FALSE
	EndGlobalSection
	GlobalSection(ProjectConfigurationPlatforms) = postSolution
		{293D0EA4-AE32-4D73-A03E-C0CD793F7093}.Debug|Any CPU.ActiveCfg = Debug|Any CPU
		{293D0EA4-AE32-4D73-A03E-C0CD793F7093}.Debug|Any CPU.Build.0 = Debug|Any CPU
		{293D0EA4-AE32-4D73-A03E-C0CD793F7093}.Debug|x64.ActiveCfg = Debug|Any CPU
		{293D0EA4-AE32-4D73-A03E-C0CD793F7093}.Debug|x64.Build.0 = Debug|Any CPU
		{293D0EA4-AE32-4D73-A03E-C0CD793F7093}.Debug|x86.ActiveCfg = Debug|Any CPU
		{293D0EA4-AE32-4D73-A03E-C0CD793F7093}.Debug|x86.Build.0 = Debug|Any CPU
		{293D0EA4-AE32-4D73-A03E-C0CD793F7093}.Release|Any CPU.ActiveCfg = Release|Any CPU
		{293D0EA4-AE32-4D73-A03E-C0CD793F7093}.Release|Any CPU.Build.0 = Release|Any CPU
		{293D0EA4-AE32-4D73-A03E-C0CD793F7093}.Release|x64.ActiveCfg = Release|Any CPU
		{293D0EA4-AE32-4D73-A03E-C0CD793F7093}.Release|x64.Build.0 = Release|Any CPU
		{293D0EA4-AE32-4D73-A03E-C0CD793F7093}.Release|x86.ActiveCfg = Release|Any CPU
		{293D0EA4-AE32-4D73-A03E-C0CD793F7093}.Release|x86.Build.0 = Release|Any CPU
	EndGlobalSection
EndGlobal
